
Microsoft Visual Studio Solution File, Format Version 12.00
# Visual Studio Version 17
VisualStudioVersion = 17.2.32516.85
MinimumVisualStudioVersion = 10.0.40219.1
Project("{FAE04EC0-301F-11D3-BF4B-00C04F79EFBC}") = "ApiQap", "ApiQap\ApiQap.csproj", "{8B5EBA4B-0CDF-4A17-8F4B-C865AE8AC356}"
EndProject
Global
	GlobalSection(SolutionConfigurationPlatforms) = preSolution
		Debug|Any CPU = Debug|Any CPU
		Release|Any CPU = Release|Any CPU
	EndGlobalSection
	GlobalSection(ProjectConfigurationPlatforms) = postSolution
		{8B5EBA4B-0CDF-4A17-8F4B-C865AE8AC356}.Debug|Any CPU.ActiveCfg = Debug|Any CPU
		{8B5EBA4B-0CDF-4A17-8F4B-C865AE8AC356}.Debug|Any CPU.Build.0 = Debug|Any CPU
		{8B5EBA4B-0CDF-4A17-8F4B-C865AE8AC356}.Release|Any CPU.ActiveCfg = Release|Any CPU
		{8B5EBA4B-0CDF-4A17-8F4B-C865AE8AC356}.Release|Any CPU.Build.0 = Release|Any CPU
	EndGlobalSection
	GlobalSection(SolutionProperties) = preSolution
		HideSolutionNode = FALSE
	EndGlobalSection
	GlobalSection(ExtensibilityGlobals) = postSolution
		SolutionGuid = {F816E441-4BEA-4661-BA6A-865FA1A88E26}
	EndGlobalSection
EndGlobal
